
Microsoft Visual Studio Solution File, Format Version 12.00
# Visual Studio Version 17
VisualStudioVersion = 17.7.34024.191
MinimumVisualStudioVersion = 10.0.40219.1
Project("{FAE04EC0-301F-11D3-BF4B-00C04F79EFBC}") = "SeptemberWPF", "SeptemberWPF.csproj", "{3E241482-D533-41F3-8A4A-635CAA51CAEF}"
EndProject
Global
	GlobalSection(SolutionConfigurationPlatforms) = preSolution
		Debug|Any CPU = Debug|Any CPU
		Release|Any CPU = Release|Any CPU
	EndGlobalSection
	GlobalSection(ProjectConfigurationPlatforms) = postSolution
		{3E241482-D533-41F3-8A4A-635CAA51CAEF}.Debug|Any CPU.ActiveCfg = Debug|Any CPU
		{3E241482-D533-41F3-8A4A-635CAA51CAEF}.Debug|Any CPU.Build.0 = Debug|Any CPU
		{3E241482-D533-41F3-8A4A-635CAA51CAEF}.Release|Any CPU.ActiveCfg = Release|Any CPU
		{3E241482-D533-41F3-8A4A-635CAA51CAEF}.Release|Any CPU.Build.0 = Release|Any CPU
	EndGlobalSection
	GlobalSection(SolutionProperties) = preSolution
		HideSolutionNode = FALSE
	EndGlobalSection
	GlobalSection(ExtensibilityGlobals) = postSolution
		SolutionGuid = {A6446BDC-B4D6-49E7-8296-5BB6733E9143}
	EndGlobalSection
EndGlobal
